// !$*UTF8*$!
{
	archiveVersion = 1;
	classes = {
	};
	objectVersion = 55;
	objects = {

/* Begin PBXBuildFile section */
		423EF551275BF0E80053E593 /* BrowseView.swift in Sources */ = {isa = PBXBuildFile; fileRef = 423EF550275BF0E80053E593 /* BrowseView.swift */; };
		423EF553275BF1BD0053E593 /* BookView.swift in Sources */ = {isa = PBXBuildFile; fileRef = 423EF552275BF1BD0053E593 /* BookView.swift */; };
		423EF555275BF1EF0053E593 /* AccountView.swift in Sources */ = {isa = PBXBuildFile; fileRef = 423EF554275BF1EF0053E593 /* AccountView.swift */; };
		425FB97D27651CD100A3EDCD /* WelcomeScreenView.swift in Sources */ = {isa = PBXBuildFile; fileRef = 425FB97C27651CD100A3EDCD /* WelcomeScreenView.swift */; };
		425FB97F27651E1E00A3EDCD /* SignInScreenView.swift in Sources */ = {isa = PBXBuildFile; fileRef = 425FB97E27651E1E00A3EDCD /* SignInScreenView.swift */; };
		425FB98127651E5200A3EDCD /* SignInWithEmailView.swift in Sources */ = {isa = PBXBuildFile; fileRef = 425FB98027651E5200A3EDCD /* SignInWithEmailView.swift */; };
		4283A6FA2773FD7E006A7E9B /* FirebaseAuth in Frameworks */ = {isa = PBXBuildFile; productRef = 4283A6F92773FD7E006A7E9B /* FirebaseAuth */; };
		4283A6FC2773FDA6006A7E9B /* SigninViewModel.swift in Sources */ = {isa = PBXBuildFile; fileRef = 4283A6FB2773FDA6006A7E9B /* SigninViewModel.swift */; };
		4283A6FE27740D1E006A7E9B /* GoogleService-Info.plist in Resources */ = {isa = PBXBuildFile; fileRef = 4283A6FD27740D1E006A7E9B /* GoogleService-Info.plist */; };
		42860DD227571A15000D3CF8 /* Launch Screen.storyboard in Resources */ = {isa = PBXBuildFile; fileRef = 42860DD127571A15000D3CF8 /* Launch Screen.storyboard */; };
		4296DF212780D459002C2E8F /* GoogleSignIn in Frameworks */ = {isa = PBXBuildFile; productRef = 4296DF202780D459002C2E8F /* GoogleSignIn */; };
		42BF1F55274B00DF003ECC4B /* MacawApp.swift in Sources */ = {isa = PBXBuildFile; fileRef = 42BF1F54274B00DF003ECC4B /* MacawApp.swift */; };
		42BF1F57274B00DF003ECC4B /* MainView.swift in Sources */ = {isa = PBXBuildFile; fileRef = 42BF1F56274B00DF003ECC4B /* MainView.swift */; };
		42BF1F59274B00E1003ECC4B /* Assets.xcassets in Resources */ = {isa = PBXBuildFile; fileRef = 42BF1F58274B00E1003ECC4B /* Assets.xcassets */; };
		42BF1F5C274B00E1003ECC4B /* Preview Assets.xcassets in Resources */ = {isa = PBXBuildFile; fileRef = 42BF1F5B274B00E1003ECC4B /* Preview Assets.xcassets */; };
/* End PBXBuildFile section */

/* Begin PBXFileReference section */
		423EF550275BF0E80053E593 /* BrowseView.swift */ = {isa = PBXFileReference; lastKnownFileType = sourcecode.swift; path = BrowseView.swift; sourceTree = "<group>"; };
		423EF552275BF1BD0053E593 /* BookView.swift */ = {isa = PBXFileReference; lastKnownFileType = sourcecode.swift; path = BookView.swift; sourceTree = "<group>"; };
		423EF554275BF1EF0053E593 /* AccountView.swift */ = {isa = PBXFileReference; lastKnownFileType = sourcecode.swift; path = AccountView.swift; sourceTree = "<group>"; };
		425FB97C27651CD100A3EDCD /* WelcomeScreenView.swift */ = {isa = PBXFileReference; lastKnownFileType = sourcecode.swift; path = WelcomeScreenView.swift; sourceTree = "<group>"; };
		425FB97E27651E1E00A3EDCD /* SignInScreenView.swift */ = {isa = PBXFileReference; lastKnownFileType = sourcecode.swift; path = SignInScreenView.swift; sourceTree = "<group>"; };
		425FB98027651E5200A3EDCD /* SignInWithEmailView.swift */ = {isa = PBXFileReference; lastKnownFileType = sourcecode.swift; path = SignInWithEmailView.swift; sourceTree = "<group>"; };
		4283A6F42773FB77006A7E9B /* Macaw.entitlements */ = {isa = PBXFileReference; lastKnownFileType = text.plist.entitlements; path = Macaw.entitlements; sourceTree = "<group>"; };
		4283A6FB2773FDA6006A7E9B /* SigninViewModel.swift */ = {isa = PBXFileReference; lastKnownFileType = sourcecode.swift; path = SigninViewModel.swift; sourceTree = "<group>"; };
		4283A6FD27740D1E006A7E9B /* GoogleService-Info.plist */ = {isa = PBXFileReference; fileEncoding = 4; lastKnownFileType = text.plist.xml; path = "GoogleService-Info.plist"; sourceTree = "<group>"; };
		42860DD127571A15000D3CF8 /* Launch Screen.storyboard */ = {isa = PBXFileReference; lastKnownFileType = file.storyboard; path = "Launch Screen.storyboard"; sourceTree = "<group>"; };
		4296DF222780D547002C2E8F /* Info.plist */ = {isa = PBXFileReference; lastKnownFileType = text.plist.xml; path = Info.plist; sourceTree = "<group>"; };
		42BF1F51274B00DF003ECC4B /* Macaw.app */ = {isa = PBXFileReference; explicitFileType = wrapper.application; includeInIndex = 0; path = Macaw.app; sourceTree = BUILT_PRODUCTS_DIR; };
		42BF1F54274B00DF003ECC4B /* MacawApp.swift */ = {isa = PBXFileReference; lastKnownFileType = sourcecode.swift; path = MacawApp.swift; sourceTree = "<group>"; };
		42BF1F56274B00DF003ECC4B /* MainView.swift */ = {isa = PBXFileReference; lastKnownFileType = sourcecode.swift; path = MainView.swift; sourceTree = "<group>"; };
		42BF1F58274B00E1003ECC4B /* Assets.xcassets */ = {isa = PBXFileReference; lastKnownFileType = folder.assetcatalog; path = Assets.xcassets; sourceTree = "<group>"; };
		42BF1F5B274B00E1003ECC4B /* Preview Assets.xcassets */ = {isa = PBXFileReference; lastKnownFileType = folder.assetcatalog; path = "Preview Assets.xcassets"; sourceTree = "<group>"; };
/* End PBXFileReference section */

/* Begin PBXFrameworksBuildPhase section */
		42BF1F4E274B00DF003ECC4B /* Frameworks */ = {
			isa = PBXFrameworksBuildPhase;
			buildActionMask = 2147483647;
			files = (
				4283A6FA2773FD7E006A7E9B /* FirebaseAuth in Frameworks */,
				4296DF212780D459002C2E8F /* GoogleSignIn in Frameworks */,
			);
			runOnlyForDeploymentPostprocessing = 0;
		};
/* End PBXFrameworksBuildPhase section */

/* Begin PBXGroup section */
		425FB97B27651CB600A3EDCD /* Sign In Flow */ = {
			isa = PBXGroup;
			children = (
				42860DD127571A15000D3CF8 /* Launch Screen.storyboard */,
				425FB97C27651CD100A3EDCD /* WelcomeScreenView.swift */,
				425FB97E27651E1E00A3EDCD /* SignInScreenView.swift */,
				425FB98027651E5200A3EDCD /* SignInWithEmailView.swift */,
			);
			path = "Sign In Flow";
			sourceTree = "<group>";
		};
		42BF1F48274B00DF003ECC4B = {
			isa = PBXGroup;
			children = (
				42BF1F53274B00DF003ECC4B /* Macaw */,
				42BF1F52274B00DF003ECC4B /* Products */,
			);
			sourceTree = "<group>";
		};
		42BF1F52274B00DF003ECC4B /* Products */ = {
			isa = PBXGroup;
			children = (
				42BF1F51274B00DF003ECC4B /* Macaw.app */,
			);
			name = Products;
			sourceTree = "<group>";
		};
		42BF1F53274B00DF003ECC4B /* Macaw */ = {
			isa = PBXGroup;
			children = (
				4283A6F42773FB77006A7E9B /* Macaw.entitlements */,
				4296DF222780D547002C2E8F /* Info.plist */,
				4283A6FD27740D1E006A7E9B /* GoogleService-Info.plist */,
				42BF1F54274B00DF003ECC4B /* MacawApp.swift */,
				4283A6FB2773FDA6006A7E9B /* SigninViewModel.swift */,
				425FB97B27651CB600A3EDCD /* Sign In Flow */,
				42CD89C52791154A001B3E66 /* MainViews */,
				42BF1F58274B00E1003ECC4B /* Assets.xcassets */,
				42BF1F5A274B00E1003ECC4B /* Preview Content */,
			);
			path = Macaw;
			sourceTree = "<group>";
		};
		42BF1F5A274B00E1003ECC4B /* Preview Content */ = {
			isa = PBXGroup;
			children = (
				42BF1F5B274B00E1003ECC4B /* Preview Assets.xcassets */,
			);
			path = "Preview Content";
			sourceTree = "<group>";
		};
		42CD89C52791154A001B3E66 /* MainViews */ = {
			isa = PBXGroup;
			children = (
				42BF1F56274B00DF003ECC4B /* MainView.swift */,
				423EF550275BF0E80053E593 /* BrowseView.swift */,
				423EF552275BF1BD0053E593 /* BookView.swift */,
				423EF554275BF1EF0053E593 /* AccountView.swift */,
			);
			path = MainViews;
			sourceTree = "<group>";
		};
/* End PBXGroup section */

/* Begin PBXNativeTarget section */
		42BF1F50274B00DF003ECC4B /* Macaw */ = {
			isa = PBXNativeTarget;
			buildConfigurationList = 42BF1F5F274B00E1003ECC4B /* Build configuration list for PBXNativeTarget "Macaw" */;
			buildPhases = (
				42BF1F4D274B00DF003ECC4B /* Sources */,
				42BF1F4E274B00DF003ECC4B /* Frameworks */,
				42BF1F4F274B00DF003ECC4B /* Resources */,
			);
			buildRules = (
			);
			dependencies = (
			);
			name = Macaw;
			packageProductDependencies = (
				4283A6F92773FD7E006A7E9B /* FirebaseAuth */,
				4296DF202780D459002C2E8F /* GoogleSignIn */,
			);
			productName = Macaw;
			productReference = 42BF1F51274B00DF003ECC4B /* Macaw.app */;
			productType = "com.apple.product-type.application";
		};
/* End PBXNativeTarget section */

/* Begin PBXProject section */
		42BF1F49274B00DF003ECC4B /* Project object */ = {
			isa = PBXProject;
			attributes = {
				BuildIndependentTargetsInParallel = 1;
				LastSwiftUpdateCheck = 1310;
				LastUpgradeCheck = 1310;
				TargetAttributes = {
					42BF1F50274B00DF003ECC4B = {
						CreatedOnToolsVersion = 13.1;
					};
				};
			};
			buildConfigurationList = 42BF1F4C274B00DF003ECC4B /* Build configuration list for PBXProject "Macaw" */;
			compatibilityVersion = "Xcode 13.0";
			developmentRegion = en;
			hasScannedForEncodings = 0;
			knownRegions = (
				en,
				Base,
			);
			mainGroup = 42BF1F48274B00DF003ECC4B;
			packageReferences = (
				4283A6F82773FD7E006A7E9B /* XCRemoteSwiftPackageReference "firebase-ios-sdk" */,
				4296DF1F2780D459002C2E8F /* XCRemoteSwiftPackageReference "GoogleSignIn-iOS" */,
			);
			productRefGroup = 42BF1F52274B00DF003ECC4B /* Products */;
			projectDirPath = "";
			projectRoot = "";
			targets = (
				42BF1F50274B00DF003ECC4B /* Macaw */,
			);
		};
/* End PBXProject section */

/* Begin PBXResourcesBuildPhase section */
		42BF1F4F274B00DF003ECC4B /* Resources */ = {
			isa = PBXResourcesBuildPhase;
			buildActionMask = 2147483647;
			files = (
				42860DD227571A15000D3CF8 /* Launch Screen.storyboard in Resources */,
				42BF1F5C274B00E1003ECC4B /* Preview Assets.xcassets in Resources */,
				42BF1F59274B00E1003ECC4B /* Assets.xcassets in Resources */,
				4283A6FE27740D1E006A7E9B /* GoogleService-Info.plist in Resources */,
			);
			runOnlyForDeploymentPostprocessing = 0;
		};
/* End PBXResourcesBuildPhase section */

/* Begin PBXSourcesBuildPhase section */
		42BF1F4D274B00DF003ECC4B /* Sources */ = {
			isa = PBXSourcesBuildPhase;
			buildActionMask = 2147483647;
			files = (
				42BF1F57274B00DF003ECC4B /* MainView.swift in Sources */,
				4283A6FC2773FDA6006A7E9B /* SigninViewModel.swift in Sources */,
				423EF551275BF0E80053E593 /* BrowseView.swift in Sources */,
				42BF1F55274B00DF003ECC4B /* MacawApp.swift in Sources */,
				425FB98127651E5200A3EDCD /* SignInWithEmailView.swift in Sources */,
				425FB97D27651CD100A3EDCD /* WelcomeScreenView.swift in Sources */,
				423EF553275BF1BD0053E593 /* BookView.swift in Sources */,
				423EF555275BF1EF0053E593 /* AccountView.swift in Sources */,
				425FB97F27651E1E00A3EDCD /* SignInScreenView.swift in Sources */,
			);
			runOnlyForDeploymentPostprocessing = 0;
		};
/* End PBXSourcesBuildPhase section */

/* Begin XCBuildConfiguration section */
		42BF1F5D274B00E1003ECC4B /* Debug */ = {
			isa = XCBuildConfiguration;
			buildSettings = {
				ALWAYS_SEARCH_USER_PATHS = NO;
				CLANG_ANALYZER_NONNULL = YES;
				CLANG_ANALYZER_NUMBER_OBJECT_CONVERSION = YES_AGGRESSIVE;
				CLANG_CXX_LANGUAGE_STANDARD = "gnu++17";
				CLANG_CXX_LIBRARY = "libc++";
				CLANG_ENABLE_MODULES = YES;
				CLANG_ENABLE_OBJC_ARC = YES;
				CLANG_ENABLE_OBJC_WEAK = YES;
				CLANG_WARN_BLOCK_CAPTURE_AUTORELEASING = YES;
				CLANG_WARN_BOOL_CONVERSION = YES;
				CLANG_WARN_COMMA = YES;
				CLANG_WARN_CONSTANT_CONVERSION = YES;
				CLANG_WARN_DEPRECATED_OBJC_IMPLEMENTATIONS = YES;
				CLANG_WARN_DIRECT_OBJC_ISA_USAGE = YES_ERROR;
				CLANG_WARN_DOCUMENTATION_COMMENTS = YES;
				CLANG_WARN_EMPTY_BODY = YES;
				CLANG_WARN_ENUM_CONVERSION = YES;
				CLANG_WARN_INFINITE_RECURSION = YES;
				CLANG_WARN_INT_CONVERSION = YES;
				CLANG_WARN_NON_LITERAL_NULL_CONVERSION = YES;
				CLANG_WARN_OBJC_IMPLICIT_RETAIN_SELF = YES;
				CLANG_WARN_OBJC_LITERAL_CONVERSION = YES;
				CLANG_WARN_OBJC_ROOT_CLASS = YES_ERROR;
				CLANG_WARN_QUOTED_INCLUDE_IN_FRAMEWORK_HEADER = YES;
				CLANG_WARN_RANGE_LOOP_ANALYSIS = YES;
				CLANG_WARN_STRICT_PROTOTYPES = YES;
				CLANG_WARN_SUSPICIOUS_MOVE = YES;
				CLANG_WARN_UNGUARDED_AVAILABILITY = YES_AGGRESSIVE;
				CLANG_WARN_UNREACHABLE_CODE = YES;
				CLANG_WARN__DUPLICATE_METHOD_MATCH = YES;
				COPY_PHASE_STRIP = NO;
				DEBUG_INFORMATION_FORMAT = dwarf;
				ENABLE_STRICT_OBJC_MSGSEND = YES;
				ENABLE_TESTABILITY = YES;
				GCC_C_LANGUAGE_STANDARD = gnu11;
				GCC_DYNAMIC_NO_PIC = NO;
				GCC_NO_COMMON_BLOCKS = YES;
				GCC_OPTIMIZATION_LEVEL = 0;
				GCC_PREPROCESSOR_DEFINITIONS = (
					"DEBUG=1",
					"$(inherited)",
				);
				GCC_WARN_64_TO_32_BIT_CONVERSION = YES;
				GCC_WARN_ABOUT_RETURN_TYPE = YES_ERROR;
				GCC_WARN_UNDECLARED_SELECTOR = YES;
				GCC_WARN_UNINITIALIZED_AUTOS = YES_AGGRESSIVE;
				GCC_WARN_UNUSED_FUNCTION = YES;
				GCC_WARN_UNUSED_VARIABLE = YES;
				IPHONEOS_DEPLOYMENT_TARGET = 15.0;
				MTL_ENABLE_DEBUG_INFO = INCLUDE_SOURCE;
				MTL_FAST_MATH = YES;
				ONLY_ACTIVE_ARCH = YES;
				SDKROOT = iphoneos;
				SWIFT_ACTIVE_COMPILATION_CONDITIONS = DEBUG;
				SWIFT_OPTIMIZATION_LEVEL = "-Onone";
			};
			name = Debug;
		};
		42BF1F5E274B00E1003ECC4B /* Release */ = {
			isa = XCBuildConfiguration;
			buildSettings = {
				ALWAYS_SEARCH_USER_PATHS = NO;
				CLANG_ANALYZER_NONNULL = YES;
				CLANG_ANALYZER_NUMBER_OBJECT_CONVERSION = YES_AGGRESSIVE;
				CLANG_CXX_LANGUAGE_STANDARD = "gnu++17";
				CLANG_CXX_LIBRARY = "libc++";
				CLANG_ENABLE_MODULES = YES;
				CLANG_ENABLE_OBJC_ARC = YES;
				CLANG_ENABLE_OBJC_WEAK = YES;
				CLANG_WARN_BLOCK_CAPTURE_AUTORELEASING = YES;
				CLANG_WARN_BOOL_CONVERSION = YES;
				CLANG_WARN_COMMA = YES;
				CLANG_WARN_CONSTANT_CONVERSION = YES;
				CLANG_WARN_DEPRECATED_OBJC_IMPLEMENTATIONS = YES;
				CLANG_WARN_DIRECT_OBJC_ISA_USAGE = YES_ERROR;
				CLANG_WARN_DOCUMENTATION_COMMENTS = YES;
				CLANG_WARN_EMPTY_BODY = YES;
				CLANG_WARN_ENUM_CONVERSION = YES;
				CLANG_WARN_INFINITE_RECURSION = YES;
				CLANG_WARN_INT_CONVERSION = YES;
				CLANG_WARN_NON_LITERAL_NULL_CONVERSION = YES;
				CLANG_WARN_OBJC_IMPLICIT_RETAIN_SELF = YES;
				CLANG_WARN_OBJC_LITERAL_CONVERSION = YES;
				CLANG_WARN_OBJC_ROOT_CLASS = YES_ERROR;
				CLANG_WARN_QUOTED_INCLUDE_IN_FRAMEWORK_HEADER = YES;
				CLANG_WARN_RANGE_LOOP_ANALYSIS = YES;
				CLANG_WARN_STRICT_PROTOTYPES = YES;
				CLANG_WARN_SUSPICIOUS_MOVE = YES;
				CLANG_WARN_UNGUARDED_AVAILABILITY = YES_AGGRESSIVE;
				CLANG_WARN_UNREACHABLE_CODE = YES;
				CLANG_WARN__DUPLICATE_METHOD_MATCH = YES;
				COPY_PHASE_STRIP = NO;
				DEBUG_INFORMATION_FORMAT = "dwarf-with-dsym";
				ENABLE_NS_ASSERTIONS = NO;
				ENABLE_STRICT_OBJC_MSGSEND = YES;
				GCC_C_LANGUAGE_STANDARD = gnu11;
				GCC_NO_COMMON_BLOCKS = YES;
				GCC_WARN_64_TO_32_BIT_CONVERSION = YES;
				GCC_WARN_ABOUT_RETURN_TYPE = YES_ERROR;
				GCC_WARN_UNDECLARED_SELECTOR = YES;
				GCC_WARN_UNINITIALIZED_AUTOS = YES_AGGRESSIVE;
				GCC_WARN_UNUSED_FUNCTION = YES;
				GCC_WARN_UNUSED_VARIABLE = YES;
				IPHONEOS_DEPLOYMENT_TARGET = 15.0;
				MTL_ENABLE_DEBUG_INFO = NO;
				MTL_FAST_MATH = YES;
				SDKROOT = iphoneos;
				SWIFT_COMPILATION_MODE = wholemodule;
				SWIFT_OPTIMIZATION_LEVEL = "-O";
				VALIDATE_PRODUCT = YES;
			};
			name = Release;
		};
		42BF1F60274B00E1003ECC4B /* Debug */ = {
			isa = XCBuildConfiguration;
			buildSettings = {
				ASSETCATALOG_COMPILER_APPICON_NAME = AppIcon;
				ASSETCATALOG_COMPILER_GLOBAL_ACCENT_COLOR_NAME = AccentColor;
				CODE_SIGN_ENTITLEMENTS = Macaw/Macaw.entitlements;
				CODE_SIGN_STYLE = Automatic;
				CURRENT_PROJECT_VERSION = 1;
				DEVELOPMENT_ASSET_PATHS = "\"Macaw/Preview Content\"";
				DEVELOPMENT_TEAM = 3CLC3T65R4;
				ENABLE_PREVIEWS = YES;
				GENERATE_INFOPLIST_FILE = YES;
				INFOPLIST_FILE = Macaw/Info.plist;
				INFOPLIST_KEY_UIApplicationSceneManifest_Generation = YES;
				INFOPLIST_KEY_UIApplicationSupportsIndirectInputEvents = YES;
				INFOPLIST_KEY_UILaunchScreen_Generation = YES;
				INFOPLIST_KEY_UILaunchStoryboardName = "Launch Screen";
				INFOPLIST_KEY_UISupportedInterfaceOrientations_iPad = "UIInterfaceOrientationPortrait UIInterfaceOrientationPortraitUpsideDown UIInterfaceOrientationLandscapeLeft UIInterfaceOrientationLandscapeRight";
				INFOPLIST_KEY_UISupportedInterfaceOrientations_iPhone = "UIInterfaceOrientationPortrait UIInterfaceOrientationLandscapeLeft UIInterfaceOrientationLandscapeRight";
				INFOPLIST_KEY_UIUserInterfaceStyle = Light;
				LD_RUNPATH_SEARCH_PATHS = (
					"$(inherited)",
					"@executable_path/Frameworks",
				);
				MARKETING_VERSION = 1.0;
				PRODUCT_BUNDLE_IDENTIFIER = com.macawsw.macaw;
				PRODUCT_NAME = "$(TARGET_NAME)";
				SWIFT_EMIT_LOC_STRINGS = YES;
				SWIFT_VERSION = 5.0;
				TARGETED_DEVICE_FAMILY = "1,2";
			};
			name = Debug;
		};
		42BF1F61274B00E1003ECC4B /* Release */ = {
			isa = XCBuildConfiguration;
			buildSettings = {
				ASSETCATALOG_COMPILER_APPICON_NAME = AppIcon;
				ASSETCATALOG_COMPILER_GLOBAL_ACCENT_COLOR_NAME = AccentColor;
				CODE_SIGN_ENTITLEMENTS = Macaw/Macaw.entitlements;
				CODE_SIGN_STYLE = Automatic;
				CURRENT_PROJECT_VERSION = 1;
				DEVELOPMENT_ASSET_PATHS = "\"Macaw/Preview Content\"";
				DEVELOPMENT_TEAM = 3CLC3T65R4;
				ENABLE_PREVIEWS = YES;
				GENERATE_INFOPLIST_FILE = YES;
				INFOPLIST_FILE = Macaw/Info.plist;
				INFOPLIST_KEY_UIApplicationSceneManifest_Generation = YES;
				INFOPLIST_KEY_UIApplicationSupportsIndirectInputEvents = YES;
				INFOPLIST_KEY_UILaunchScreen_Generation = YES;
				INFOPLIST_KEY_UILaunchStoryboardName = "Launch Screen";
				INFOPLIST_KEY_UISupportedInterfaceOrientations_iPad = "UIInterfaceOrientationPortrait UIInterfaceOrientationPortraitUpsideDown UIInterfaceOrientationLandscapeLeft UIInterfaceOrientationLandscapeRight";
				INFOPLIST_KEY_UISupportedInterfaceOrientations_iPhone = "UIInterfaceOrientationPortrait UIInterfaceOrientationLandscapeLeft UIInterfaceOrientationLandscapeRight";
				INFOPLIST_KEY_UIUserInterfaceStyle = Light;
				LD_RUNPATH_SEARCH_PATHS = (
					"$(inherited)",
					"@executable_path/Frameworks",
				);
				MARKETING_VERSION = 1.0;
				PRODUCT_BUNDLE_IDENTIFIER = com.macawsw.macaw;
				PRODUCT_NAME = "$(TARGET_NAME)";
				SWIFT_EMIT_LOC_STRINGS = YES;
				SWIFT_VERSION = 5.0;
				TARGETED_DEVICE_FAMILY = "1,2";
			};
			name = Release;
		};
/* End XCBuildConfiguration section */

/* Begin XCConfigurationList section */
		42BF1F4C274B00DF003ECC4B /* Build configuration list for PBXProject "Macaw" */ = {
			isa = XCConfigurationList;
			buildConfigurations = (
				42BF1F5D274B00E1003ECC4B /* Debug */,
				42BF1F5E274B00E1003ECC4B /* Release */,
			);
			defaultConfigurationIsVisible = 0;
			defaultConfigurationName = Release;
		};
		42BF1F5F274B00E1003ECC4B /* Build configuration list for PBXNativeTarget "Macaw" */ = {
			isa = XCConfigurationList;
			buildConfigurations = (
				42BF1F60274B00E1003ECC4B /* Debug */,
				42BF1F61274B00E1003ECC4B /* Release */,
			);
			defaultConfigurationIsVisible = 0;
			defaultConfigurationName = Release;
		};
/* End XCConfigurationList section */

/* Begin XCRemoteSwiftPackageReference section */
		4283A6F82773FD7E006A7E9B /* XCRemoteSwiftPackageReference "firebase-ios-sdk" */ = {
			isa = XCRemoteSwiftPackageReference;
			repositoryURL = "https://github.com/firebase/firebase-ios-sdk";
			requirement = {
				branch = master;
				kind = branch;
			};
		};
		4296DF1F2780D459002C2E8F /* XCRemoteSwiftPackageReference "GoogleSignIn-iOS" */ = {
			isa = XCRemoteSwiftPackageReference;
			repositoryURL = "https://github.com/google/GoogleSignIn-iOS.git";
			requirement = {
				branch = main;
				kind = branch;
			};
		};
/* End XCRemoteSwiftPackageReference section */

/* Begin XCSwiftPackageProductDependency section */
		4283A6F92773FD7E006A7E9B /* FirebaseAuth */ = {
			isa = XCSwiftPackageProductDependency;
			package = 4283A6F82773FD7E006A7E9B /* XCRemoteSwiftPackageReference "firebase-ios-sdk" */;
			productName = FirebaseAuth;
		};
		4296DF202780D459002C2E8F /* GoogleSignIn */ = {
			isa = XCSwiftPackageProductDependency;
			package = 4296DF1F2780D459002C2E8F /* XCRemoteSwiftPackageReference "GoogleSignIn-iOS" */;
			productName = GoogleSignIn;
		};
/* End XCSwiftPackageProductDependency section */
	};
	rootObject = 42BF1F49274B00DF003ECC4B /* Project object */;
}
